
Microsoft Visual Studio Solution File, Format Version 12.00
# Visual Studio Version 17
VisualStudioVersion = 17.5.33530.505
MinimumVisualStudioVersion = 10.0.40219.1
Project("{9A19103F-16F7-4668-BE54-9A1E7A4F7556}") = "Work12", "Work12\Work12.csproj", "{36FCC6E1-C503-4226-AE4E-CD6F9BFDA2F8}"
EndProject
Project("{9A19103F-16F7-4668-BE54-9A1E7A4F7556}") = "Work12_Task2", "Work12_Task2\Work12_Task2.csproj", "{8040CA1F-5AAE-413E-A30E-7DB2956C2DCF}"
EndProject
Project("{FAE04EC0-301F-11D3-BF4B-00C04F79EFBC}") = "Work12_Task3", "Work12_Task3\Work12_Task3.csproj", "{57DD6B4A-A8DD-4203-B049-364089696E64}"
EndProject
Project("{FAE04EC0-301F-11D3-BF4B-00C04F79EFBC}") = "Work12_Task4", "Work12_Task4\Work12_Task4.csproj", "{0DB0A34A-1421-4F6F-B0E4-2E7D25AE6525}"
EndProject
Global
	GlobalSection(SolutionConfigurationPlatforms) = preSolution
		Debug|Any CPU = Debug|Any CPU
		Release|Any CPU = Release|Any CPU
	EndGlobalSection
	GlobalSection(ProjectConfigurationPlatforms) = postSolution
		{36FCC6E1-C503-4226-AE4E-CD6F9BFDA2F8}.Debug|Any CPU.ActiveCfg = Debug|Any CPU
		{36FCC6E1-C503-4226-AE4E-CD6F9BFDA2F8}.Debug|Any CPU.Build.0 = Debug|Any CPU
		{36FCC6E1-C503-4226-AE4E-CD6F9BFDA2F8}.Release|Any CPU.ActiveCfg = Release|Any CPU
		{36FCC6E1-C503-4226-AE4E-CD6F9BFDA2F8}.Release|Any CPU.Build.0 = Release|Any CPU
		{8040CA1F-5AAE-413E-A30E-7DB2956C2DCF}.Debug|Any CPU.ActiveCfg = Debug|Any CPU
		{8040CA1F-5AAE-413E-A30E-7DB2956C2DCF}.Debug|Any CPU.Build.0 = Debug|Any CPU
		{8040CA1F-5AAE-413E-A30E-7DB2956C2DCF}.Release|Any CPU.ActiveCfg = Release|Any CPU
		{8040CA1F-5AAE-413E-A30E-7DB2956C2DCF}.Release|Any CPU.Build.0 = Release|Any CPU
		{57DD6B4A-A8DD-4203-B049-364089696E64}.Debug|Any CPU.ActiveCfg = Debug|Any CPU
		{57DD6B4A-A8DD-4203-B049-364089696E64}.Debug|Any CPU.Build.0 = Debug|Any CPU
		{57DD6B4A-A8DD-4203-B049-364089696E64}.Release|Any CPU.ActiveCfg = Release|Any CPU
		{57DD6B4A-A8DD-4203-B049-364089696E64}.Release|Any CPU.Build.0 = Release|Any CPU
		{0DB0A34A-1421-4F6F-B0E4-2E7D25AE6525}.Debug|Any CPU.ActiveCfg = Debug|Any CPU
		{0DB0A34A-1421-4F6F-B0E4-2E7D25AE6525}.Debug|Any CPU.Build.0 = Debug|Any CPU
		{0DB0A34A-1421-4F6F-B0E4-2E7D25AE6525}.Release|Any CPU.ActiveCfg = Release|Any CPU
		{0DB0A34A-1421-4F6F-B0E4-2E7D25AE6525}.Release|Any CPU.Build.0 = Release|Any CPU
	EndGlobalSection
	GlobalSection(SolutionProperties) = preSolution
		HideSolutionNode = FALSE
	EndGlobalSection
	GlobalSection(ExtensibilityGlobals) = postSolution
		SolutionGuid = {24DA69FF-2698-4B82-8ED4-32B2CDE63D9B}
	EndGlobalSection
EndGlobal
